
Microsoft Visual Studio Solution File, Format Version 12.00
# Visual Studio 2012
Project("{FAE04EC0-301F-11D3-BF4B-00C04F79EFBC}") = "Cloak", "Cloak\Cloak.csproj", "{A931092C-2916-4D20-A26D-D131D98E3069}"
EndProject
Project("{2150E333-8FDC-42A3-9474-1A3956D46DE8}") = ".build", ".build", "{91B3D702-0DEC-4EB0-B129-73F26AE9EFEB}"
	ProjectSection(SolutionItems) = preProject
		CloakAssemblyInfo.cs = CloakAssemblyInfo.cs
	EndProjectSection
EndProject
Project("{FAE04EC0-301F-11D3-BF4B-00C04F79EFBC}") = "Cloak.Http", "Cloak.Http\Cloak.Http.csproj", "{43F24F70-06F1-4834-B241-A8CEEC01D87D}"
EndProject
Project("{FAE04EC0-301F-11D3-BF4B-00C04F79EFBC}") = "Cloak.Http.Examples", "Cloak.Http.Examples\Cloak.Http.Examples.csproj", "{D683C34B-0619-4B90-BF4C-4FB702CABCEE}"
EndProject
Project("{2150E333-8FDC-42A3-9474-1A3956D46DE8}") = "Examples", "Examples", "{BD0D1B83-55C6-44CC-B0E0-20B9E7FF5AC3}"
EndProject
Project("{FAE04EC0-301F-11D3-BF4B-00C04F79EFBC}") = "Cloak.Web.Mvc.Autofac", "Cloak.Web.Mvc.Autofac\Cloak.Web.Mvc.Autofac.csproj", "{4CE0D89F-89AC-448F-A716-B90C8E4F3C50}"
EndProject
Project("{FAE04EC0-301F-11D3-BF4B-00C04F79EFBC}") = "Cloak.Http.WebHost.Autofac", "Cloak.Http.WebHost.Autofac\Cloak.Http.WebHost.Autofac.csproj", "{A3251FA6-7B87-472E-9A0A-9FBEB6F6D55A}"
EndProject
Project("{FAE04EC0-301F-11D3-BF4B-00C04F79EFBC}") = "Cloak.NaturalText", "Cloak.NaturalText\Cloak.NaturalText.csproj", "{3689DB83-F70B-4DF6-AB11-60DC438D3EC6}"
EndProject
Project("{FAE04EC0-301F-11D3-BF4B-00C04F79EFBC}") = "Cloak.Autofac", "Cloak.Autofac\Cloak.Autofac.csproj", "{96B357D1-842F-48E6-9139-BB47495BD97F}"
EndProject
Project("{FAE04EC0-301F-11D3-BF4B-00C04F79EFBC}") = "Cloak.Examples", "Cloak.Examples\Cloak.Examples.csproj", "{8C04074C-6AF8-440C-A530-C0BF88A50066}"
EndProject
Project("{FAE04EC0-301F-11D3-BF4B-00C04F79EFBC}") = "Cloak.Web.Http.Autofac", "Cloak.Web.Http.Autofac\Cloak.Web.Http.Autofac.csproj", "{24377703-7195-4DAB-B323-1A8D263D7B12}"
EndProject
Global
	GlobalSection(SolutionConfigurationPlatforms) = preSolution
		Debug|Any CPU = Debug|Any CPU
		Release|Any CPU = Release|Any CPU
	EndGlobalSection
	GlobalSection(ProjectConfigurationPlatforms) = postSolution
		{A931092C-2916-4D20-A26D-D131D98E3069}.Debug|Any CPU.ActiveCfg = Debug|Any CPU
		{A931092C-2916-4D20-A26D-D131D98E3069}.Debug|Any CPU.Build.0 = Debug|Any CPU
		{A931092C-2916-4D20-A26D-D131D98E3069}.Release|Any CPU.ActiveCfg = Release|Any CPU
		{A931092C-2916-4D20-A26D-D131D98E3069}.Release|Any CPU.Build.0 = Release|Any CPU
		{43F24F70-06F1-4834-B241-A8CEEC01D87D}.Debug|Any CPU.ActiveCfg = Debug|Any CPU
		{43F24F70-06F1-4834-B241-A8CEEC01D87D}.Debug|Any CPU.Build.0 = Debug|Any CPU
		{43F24F70-06F1-4834-B241-A8CEEC01D87D}.Release|Any CPU.ActiveCfg = Release|Any CPU
		{43F24F70-06F1-4834-B241-A8CEEC01D87D}.Release|Any CPU.Build.0 = Release|Any CPU
		{D683C34B-0619-4B90-BF4C-4FB702CABCEE}.Debug|Any CPU.ActiveCfg = Debug|Any CPU
		{D683C34B-0619-4B90-BF4C-4FB702CABCEE}.Debug|Any CPU.Build.0 = Debug|Any CPU
		{D683C34B-0619-4B90-BF4C-4FB702CABCEE}.Release|Any CPU.ActiveCfg = Release|Any CPU
		{D683C34B-0619-4B90-BF4C-4FB702CABCEE}.Release|Any CPU.Build.0 = Release|Any CPU
		{4CE0D89F-89AC-448F-A716-B90C8E4F3C50}.Debug|Any CPU.ActiveCfg = Debug|Any CPU
		{4CE0D89F-89AC-448F-A716-B90C8E4F3C50}.Debug|Any CPU.Build.0 = Debug|Any CPU
		{4CE0D89F-89AC-448F-A716-B90C8E4F3C50}.Release|Any CPU.ActiveCfg = Release|Any CPU
		{4CE0D89F-89AC-448F-A716-B90C8E4F3C50}.Release|Any CPU.Build.0 = Release|Any CPU
		{A3251FA6-7B87-472E-9A0A-9FBEB6F6D55A}.Debug|Any CPU.ActiveCfg = Debug|Any CPU
		{A3251FA6-7B87-472E-9A0A-9FBEB6F6D55A}.Debug|Any CPU.Build.0 = Debug|Any CPU
		{A3251FA6-7B87-472E-9A0A-9FBEB6F6D55A}.Release|Any CPU.ActiveCfg = Release|Any CPU
		{A3251FA6-7B87-472E-9A0A-9FBEB6F6D55A}.Release|Any CPU.Build.0 = Release|Any CPU
		{3689DB83-F70B-4DF6-AB11-60DC438D3EC6}.Debug|Any CPU.ActiveCfg = Debug|Any CPU
		{3689DB83-F70B-4DF6-AB11-60DC438D3EC6}.Debug|Any CPU.Build.0 = Debug|Any CPU
		{3689DB83-F70B-4DF6-AB11-60DC438D3EC6}.Release|Any CPU.ActiveCfg = Release|Any CPU
		{3689DB83-F70B-4DF6-AB11-60DC438D3EC6}.Release|Any CPU.Build.0 = Release|Any CPU
		{96B357D1-842F-48E6-9139-BB47495BD97F}.Debug|Any CPU.ActiveCfg = Debug|Any CPU
		{96B357D1-842F-48E6-9139-BB47495BD97F}.Debug|Any CPU.Build.0 = Debug|Any CPU
		{96B357D1-842F-48E6-9139-BB47495BD97F}.Release|Any CPU.ActiveCfg = Release|Any CPU
		{96B357D1-842F-48E6-9139-BB47495BD97F}.Release|Any CPU.Build.0 = Release|Any CPU
		{8C04074C-6AF8-440C-A530-C0BF88A50066}.Debug|Any CPU.ActiveCfg = Debug|Any CPU
		{8C04074C-6AF8-440C-A530-C0BF88A50066}.Debug|Any CPU.Build.0 = Debug|Any CPU
		{8C04074C-6AF8-440C-A530-C0BF88A50066}.Release|Any CPU.ActiveCfg = Release|Any CPU
		{8C04074C-6AF8-440C-A530-C0BF88A50066}.Release|Any CPU.Build.0 = Release|Any CPU
		{24377703-7195-4DAB-B323-1A8D263D7B12}.Debug|Any CPU.ActiveCfg = Debug|Any CPU
		{24377703-7195-4DAB-B323-1A8D263D7B12}.Debug|Any CPU.Build.0 = Debug|Any CPU
		{24377703-7195-4DAB-B323-1A8D263D7B12}.Release|Any CPU.ActiveCfg = Release|Any CPU
		{24377703-7195-4DAB-B323-1A8D263D7B12}.Release|Any CPU.Build.0 = Release|Any CPU
	EndGlobalSection
	GlobalSection(SolutionProperties) = preSolution
		HideSolutionNode = FALSE
	EndGlobalSection
	GlobalSection(NestedProjects) = preSolution
		{D683C34B-0619-4B90-BF4C-4FB702CABCEE} = {BD0D1B83-55C6-44CC-B0E0-20B9E7FF5AC3}
		{8C04074C-6AF8-440C-A530-C0BF88A50066} = {BD0D1B83-55C6-44CC-B0E0-20B9E7FF5AC3}
	EndGlobalSection
EndGlobal
